{
  "nodes": {
    "chiasma": {
      "inputs": {
        "hix": "hix",
        "prelate": "prelate"
      },
      "locked": {
        "lastModified": 1695127603,
        "narHash": "sha256-RebUws5e8twWkBaeaXRbHdR02+Q3FEGeZ4PBqttD/z0=",
        "ref": "refs/heads/main",
        "rev": "402a6d54ae08089b2295ee5573d9ceeba5bb401e",
        "revCount": 174,
        "type": "git",
        "url": "https://git.tryp.io/tek/chiasma"
      },
      "original": {
        "type": "git",
        "url": "https://git.tryp.io/tek/chiasma"
      }
    },
    "exon": {
      "inputs": {
        "hix": "hix_2"
      },
      "locked": {
        "lastModified": 1693680844,
        "narHash": "sha256-UMNDduFSHSKyQBA1Crtty5VRFcRKnMGhyzoWhCAikjI=",
        "ref": "refs/heads/main",
        "rev": "b84f221d11bc04292b0faf5c9d6b2ecccbd11cef",
        "revCount": 63,
        "type": "git",
        "url": "https://git.tryp.io/tek/exon"
      },
      "original": {
        "type": "git",
        "url": "https://git.tryp.io/tek/exon"
      }
    },
    "hix": {
      "inputs": {
        "nixpkgs": "nixpkgs",
        "thax": "thax"
      },
      "locked": {
        "lastModified": 1695065405,
        "narHash": "sha256-7YZRGPaFM2coVYtVqnK4ug6/1kXTjwGaVSGgu09ZBsA=",
        "ref": "refs/heads/main",
        "rev": "bb0d49863a39b1c2fe7f2c21b05f246c21920862",
        "revCount": 550,
        "type": "git",
        "url": "https://git.tryp.io/tek/hix"
      },
      "original": {
        "type": "git",
        "url": "https://git.tryp.io/tek/hix"
      }
    },
    "hix_2": {
      "inputs": {
        "nixpkgs": "nixpkgs_2",
        "thax": "thax_2"
      },
      "locked": {
        "lastModified": 1693680320,
        "narHash": "sha256-VSBXC3/JLC7NY0A6F7jimKJDh+6Q5qFFSfHH3Z7nbG4=",
        "ref": "refs/heads/main",
        "rev": "b6ddd1f31be67d2bb80e34bf926934795d857f1e",
        "revCount": 521,
        "type": "git",
        "url": "https://git.tryp.io/tek/hix"
      },
      "original": {
        "type": "git",
        "url": "https://git.tryp.io/tek/hix"
      }
    },
    "hix_3": {
      "inputs": {
        "nixpkgs": "nixpkgs_3",
        "thax": "thax_3"
      },
      "locked": {
        "lastModified": 1695049619,
        "narHash": "sha256-Gy/tjs1pBLknI14Mcp46ksdqFb0xubTf3n9bqJZSOHE=",
        "ref": "refs/heads/main",
        "rev": "677d00c20355e42191693d063e5561d2a6f45448",
        "revCount": 546,
        "type": "git",
        "url": "https://git.tryp.io/tek/hix"
      },
      "original": {
        "type": "git",
        "url": "https://git.tryp.io/tek/hix"
      }
    },
    "hix_4": {
      "inputs": {
        "nixpkgs": "nixpkgs_4",
        "thax": "thax_4"
      },
      "locked": {
        "lastModified": 1694967996,
        "narHash": "sha256-Rbz2k8i0VoC9haYpZtTxvzk9YCyAcDAs0lhrG+Lxdxo=",
        "ref": "refs/heads/main",
        "rev": "b39fcf123f66237226e946f51be7d6cf9c092b61",
        "revCount": 545,
        "type": "git",
        "url": "https://git.tryp.io/tek/hix"
      },
      "original": {
        "type": "git",
        "url": "https://git.tryp.io/tek/hix"
      }
    },
    "hix_5": {
      "inputs": {
        "nixpkgs": "nixpkgs_5",
        "thax": "thax_5"
      },
      "locked": {
        "lastModified": 1694967996,
        "narHash": "sha256-Rbz2k8i0VoC9haYpZtTxvzk9YCyAcDAs0lhrG+Lxdxo=",
        "ref": "refs/heads/main",
        "rev": "b39fcf123f66237226e946f51be7d6cf9c092b61",
        "revCount": 545,
        "type": "git",
        "url": "https://git.tryp.io/tek/hix"
      },
      "original": {
        "type": "git",
        "url": "https://git.tryp.io/tek/hix"
      }
    },
    "hix_6": {
      "inputs": {
        "nixpkgs": "nixpkgs_6",
        "thax": "thax_6"
      },
      "locked": {
        "lastModified": 1694967996,
        "narHash": "sha256-Rbz2k8i0VoC9haYpZtTxvzk9YCyAcDAs0lhrG+Lxdxo=",
        "ref": "refs/heads/main",
        "rev": "b39fcf123f66237226e946f51be7d6cf9c092b61",
        "revCount": 545,
        "type": "git",
        "url": "https://git.tryp.io/tek/hix"
      },
      "original": {
        "type": "git",
        "url": "https://git.tryp.io/tek/hix"
      }
    },
    "hix_7": {
      "inputs": {
        "nixpkgs": "nixpkgs_7",
        "thax": "thax_7"
      },
      "locked": {
        "lastModified": 1694967996,
        "narHash": "sha256-Rbz2k8i0VoC9haYpZtTxvzk9YCyAcDAs0lhrG+Lxdxo=",
        "ref": "refs/heads/main",
        "rev": "b39fcf123f66237226e946f51be7d6cf9c092b61",
        "revCount": 545,
        "type": "git",
        "url": "https://git.tryp.io/tek/hix"
      },
      "original": {
        "type": "git",
        "url": "https://git.tryp.io/tek/hix"
      }
    },
    "hix_8": {
      "inputs": {
        "nixpkgs": "nixpkgs_8",
        "thax": "thax_8"
      },
      "locked": {
        "lastModified": 1694894782,
        "narHash": "sha256-OCIIHGkOGUH68d//LahClWC3DtFbKL6qpagkEIZ7dws=",
        "ref": "refs/heads/main",
        "rev": "725e097f01fa6c808323134ab4ecdd5f33954f51",
        "revCount": 542,
        "type": "git",
        "url": "https://git.tryp.io/tek/hix"
      },
      "original": {
        "type": "git",
        "url": "https://git.tryp.io/tek/hix"
      }
    },
    "hix_9": {
      "inputs": {
        "nixpkgs": "nixpkgs_9",
        "thax": "thax_9"
      },
      "locked": {
        "lastModified": 1695738635,
        "narHash": "sha256-ohNqVLU6+fEmMUdsT3snd9Ap3rW68P232VXrTihRfdg=",
        "ref": "refs/heads/main",
        "rev": "7c012b3800929bdabc2ac12c1da734917ab7779a",
        "revCount": 573,
        "type": "git",
        "url": "https://git.tryp.io/tek/hix"
      },
      "original": {
        "type": "git",
        "url": "https://git.tryp.io/tek/hix"
      }
    },
    "incipit": {
      "inputs": {
        "hix": "hix_4",
        "polysemy-log": "polysemy-log"
      },
      "locked": {
        "lastModified": 1695048154,
        "narHash": "sha256-JHGrqOu/Y4Y5El58QJ1BKe7XDmxxwW/uWuibiXJy0d4=",
        "ref": "refs/heads/main",
        "rev": "53748c4d618f11755a714fcaf8964526f2a4f09c",
        "revCount": 67,
        "type": "git",
        "url": "https://git.tryp.io/tek/incipit"
      },
      "original": {
        "type": "git",
        "url": "https://git.tryp.io/tek/incipit"
      }
    },
    "nixpkgs": {
      "locked": {
        "lastModified": 1686582075,
        "narHash": "sha256-vtflsfKkHtF8IduxDNtbme4cojiqvlvjp5QNYhvoHXc=",
        "owner": "nixos",
        "repo": "nixpkgs",
        "rev": "7e63eed145566cca98158613f3700515b4009ce3",
        "type": "github"
      },
      "original": {
        "owner": "nixos",
        "repo": "nixpkgs",
        "rev": "7e63eed145566cca98158613f3700515b4009ce3",
        "type": "github"
      }
    },
    "nixpkgs_2": {
      "locked": {
        "lastModified": 1692794812,
        "narHash": "sha256-lEVkjqiIyjAkkWwP2IadNzKur3NpBrvK6g8tJk1r458=",
        "owner": "nixos",
        "repo": "nixpkgs",
        "rev": "8b5b7def915305c7d4f5cf236c095bf898bc7995",
        "type": "github"
      },
      "original": {
        "owner": "nixos",
        "repo": "nixpkgs",
        "rev": "8b5b7def915305c7d4f5cf236c095bf898bc7995",
        "type": "github"
      }
    },
    "nixpkgs_3": {
      "locked": {
        "lastModified": 1694948089,
        "narHash": "sha256-d2B282GmQ9o8klc22/Rbbbj6r99EnELQpOQjWMyv0rU=",
        "owner": "nixos",
        "repo": "nixpkgs",
        "rev": "5148520bfab61f99fd25fb9ff7bfbb50dad3c9db",
        "type": "github"
      },
      "original": {
        "owner": "nixos",
        "repo": "nixpkgs",
        "rev": "5148520bfab61f99fd25fb9ff7bfbb50dad3c9db",
        "type": "github"
      }
    },
    "nixpkgs_4": {
      "locked": {
        "lastModified": 1694562957,
        "narHash": "sha256-ZvDt5bxX6Ga+TQ6kvK5WEn7OQN87KAsMaRrFSdReIm8=",
        "owner": "nixos",
        "repo": "nixpkgs",
        "rev": "f4a33546bdb5f81bd6cceb1b3cb19667145fed83",
        "type": "github"
      },
      "original": {
        "owner": "nixos",
        "repo": "nixpkgs",
        "rev": "f4a33546bdb5f81bd6cceb1b3cb19667145fed83",
        "type": "github"
      }
    },
    "nixpkgs_5": {
      "locked": {
        "lastModified": 1694562957,
        "narHash": "sha256-ZvDt5bxX6Ga+TQ6kvK5WEn7OQN87KAsMaRrFSdReIm8=",
        "owner": "nixos",
        "repo": "nixpkgs",
        "rev": "f4a33546bdb5f81bd6cceb1b3cb19667145fed83",
        "type": "github"
      },
      "original": {
        "owner": "nixos",
        "repo": "nixpkgs",
        "rev": "f4a33546bdb5f81bd6cceb1b3cb19667145fed83",
        "type": "github"
      }
    },
    "nixpkgs_6": {
      "locked": {
        "lastModified": 1694562957,
        "narHash": "sha256-ZvDt5bxX6Ga+TQ6kvK5WEn7OQN87KAsMaRrFSdReIm8=",
        "owner": "nixos",
        "repo": "nixpkgs",
        "rev": "f4a33546bdb5f81bd6cceb1b3cb19667145fed83",
        "type": "github"
      },
      "original": {
        "owner": "nixos",
        "repo": "nixpkgs",
        "rev": "f4a33546bdb5f81bd6cceb1b3cb19667145fed83",
        "type": "github"
      }
    },
    "nixpkgs_7": {
      "locked": {
        "lastModified": 1694562957,
        "narHash": "sha256-ZvDt5bxX6Ga+TQ6kvK5WEn7OQN87KAsMaRrFSdReIm8=",
        "owner": "nixos",
        "repo": "nixpkgs",
        "rev": "f4a33546bdb5f81bd6cceb1b3cb19667145fed83",
        "type": "github"
      },
      "original": {
        "owner": "nixos",
        "repo": "nixpkgs",
        "rev": "f4a33546bdb5f81bd6cceb1b3cb19667145fed83",
        "type": "github"
      }
    },
    "nixpkgs_8": {
      "locked": {
        "lastModified": 1694760568,
        "narHash": "sha256-3G07BiXrp2YQKxdcdms22MUx6spc6A++MSePtatCYuI=",
        "owner": "nixos",
        "repo": "nixpkgs",
        "rev": "46688f8eb5cd6f1298d873d4d2b9cf245e09e88e",
        "type": "github"
      },
      "original": {
        "owner": "nixos",
        "repo": "nixpkgs",
        "rev": "46688f8eb5cd6f1298d873d4d2b9cf245e09e88e",
        "type": "github"
      }
    },
    "nixpkgs_9": {
      "locked": {
        "lastModified": 1695318763,
        "narHash": "sha256-FHVPDRP2AfvsxAdc+AsgFJevMz5VBmnZglFUMlxBkcY=",
        "owner": "nixos",
        "repo": "nixpkgs",
        "rev": "e12483116b3b51a185a33a272bf351e357ba9a99",
        "type": "github"
      },
      "original": {
        "owner": "nixos",
        "repo": "nixpkgs",
        "rev": "e12483116b3b51a185a33a272bf351e357ba9a99",
        "type": "github"
      }
    },
    "polysemy-conc": {
      "inputs": {
        "hix": "hix_6",
        "polysemy-time": "polysemy-time"
      },
      "locked": {
        "lastModified": 1694974930,
        "narHash": "sha256-xzWDxI2km2mLqRR6phGKiChvs73DNmBghOSRMr+VyIU=",
        "ref": "refs/heads/main",
        "rev": "aa2ca65ae1133162c2bb54628063d1ad20502fc4",
        "revCount": 249,
        "type": "git",
        "url": "https://git.tryp.io/tek/polysemy-conc"
      },
      "original": {
        "type": "git",
        "url": "https://git.tryp.io/tek/polysemy-conc"
      }
    },
    "polysemy-log": {
      "inputs": {
        "hix": "hix_5",
        "polysemy-conc": "polysemy-conc"
      },
      "locked": {
        "lastModified": 1695046724,
        "narHash": "sha256-Kf4OMbFoTpUD0C1AVUHnWZka27gH1/eSQ+nh467zK5Y=",
        "ref": "refs/heads/main",
        "rev": "dc7839f93befcb5f280c4b2305ae2148bdf82743",
        "revCount": 100,
        "type": "git",
        "url": "https://git.tryp.io/tek/polysemy-log"
      },
      "original": {
        "type": "git",
        "url": "https://git.tryp.io/tek/polysemy-log"
      }
    },
    "polysemy-test": {
      "inputs": {
        "hix": "hix_8"
      },
      "locked": {
        "lastModified": 1694963539,
        "narHash": "sha256-Z6RxCUsCZ0SVUEfWPKNYwc2GArEBuwEh53aIfSDDflI=",
        "ref": "refs/heads/main",
        "rev": "fd514a794bb1cfc81e2acc1d5cfd486d6cc07199",
        "revCount": 114,
        "type": "git",
        "url": "https://git.tryp.io/tek/polysemy-test"
      },
      "original": {
        "type": "git",
        "url": "https://git.tryp.io/tek/polysemy-test"
      }
    },
    "polysemy-time": {
      "inputs": {
        "hix": "hix_7",
        "polysemy-test": "polysemy-test"
      },
      "locked": {
        "lastModified": 1694969819,
        "narHash": "sha256-Kvrzp+jqZakv6K4Mik4AHeL4HLNhu9b2JVpmeAKt/j4=",
        "ref": "refs/heads/main",
        "rev": "3e45fa302af3152ad70133981d5f96267b1c9b3d",
        "revCount": 100,
        "type": "git",
        "url": "https://git.tryp.io/tek/polysemy-time"
      },
      "original": {
        "type": "git",
        "url": "https://git.tryp.io/tek/polysemy-time"
      }
    },
    "prelate": {
      "inputs": {
        "exon": "exon",
        "hix": "hix_3",
        "incipit": "incipit"
      },
      "locked": {
        "lastModified": 1695052033,
        "narHash": "sha256-B1d+TlRJGKCd9Ch6TQ5SxEnHKfZxYJFV3YyQOiWs62M=",
        "ref": "refs/heads/main",
        "rev": "3a4351e91568ebb663454655c8b3e87d20df2db1",
        "revCount": 41,
        "type": "git",
        "url": "https://git.tryp.io/tek/prelate"
      },
      "original": {
        "type": "git",
        "url": "https://git.tryp.io/tek/prelate"
      }
    },
    "root": {
      "inputs": {
        "chiasma": "chiasma",
        "hix": "hix_9"
      }
    },
    "thax": {
      "locked": {
        "lastModified": 1691091387,
        "narHash": "sha256-i1dc/XqsIQizZ09o2ltX10zhV/3LCc0ZUqsS7enyN+g=",
        "owner": "tek",
        "repo": "thax",
        "rev": "10fa7482d171739414fc0d829005b4055799e4c6",
        "type": "github"
      },
      "original": {
        "owner": "tek",
        "repo": "thax",
        "type": "github"
      }
    },
    "thax_2": {
      "locked": {
        "lastModified": 1691091387,
        "narHash": "sha256-i1dc/XqsIQizZ09o2ltX10zhV/3LCc0ZUqsS7enyN+g=",
        "owner": "tek",
        "repo": "thax",
        "rev": "10fa7482d171739414fc0d829005b4055799e4c6",
        "type": "github"
      },
      "original": {
        "owner": "tek",
        "repo": "thax",
        "type": "github"
      }
    },
    "thax_3": {
      "locked": {
        "lastModified": 1691091387,
        "narHash": "sha256-i1dc/XqsIQizZ09o2ltX10zhV/3LCc0ZUqsS7enyN+g=",
        "owner": "tek",
        "repo": "thax",
        "rev": "10fa7482d171739414fc0d829005b4055799e4c6",
        "type": "github"
      },
      "original": {
        "owner": "tek",
        "repo": "thax",
        "type": "github"
      }
    },
    "thax_4": {
      "locked": {
        "lastModified": 1691091387,
        "narHash": "sha256-i1dc/XqsIQizZ09o2ltX10zhV/3LCc0ZUqsS7enyN+g=",
        "owner": "tek",
        "repo": "thax",
        "rev": "10fa7482d171739414fc0d829005b4055799e4c6",
        "type": "github"
      },
      "original": {
        "owner": "tek",
        "repo": "thax",
        "type": "github"
      }
    },
    "thax_5": {
      "locked": {
        "lastModified": 1691091387,
        "narHash": "sha256-i1dc/XqsIQizZ09o2ltX10zhV/3LCc0ZUqsS7enyN+g=",
        "owner": "tek",
        "repo": "thax",
        "rev": "10fa7482d171739414fc0d829005b4055799e4c6",
        "type": "github"
      },
      "original": {
        "owner": "tek",
        "repo": "thax",
        "type": "github"
      }
    },
    "thax_6": {
      "locked": {
        "lastModified": 1691091387,
        "narHash": "sha256-i1dc/XqsIQizZ09o2ltX10zhV/3LCc0ZUqsS7enyN+g=",
        "owner": "tek",
        "repo": "thax",
        "rev": "10fa7482d171739414fc0d829005b4055799e4c6",
        "type": "github"
      },
      "original": {
        "owner": "tek",
        "repo": "thax",
        "type": "github"
      }
    },
    "thax_7": {
      "locked": {
        "lastModified": 1691091387,
        "narHash": "sha256-i1dc/XqsIQizZ09o2ltX10zhV/3LCc0ZUqsS7enyN+g=",
        "owner": "tek",
        "repo": "thax",
        "rev": "10fa7482d171739414fc0d829005b4055799e4c6",
        "type": "github"
      },
      "original": {
        "owner": "tek",
        "repo": "thax",
        "type": "github"
      }
    },
    "thax_8": {
      "locked": {
        "lastModified": 1691091387,
        "narHash": "sha256-i1dc/XqsIQizZ09o2ltX10zhV/3LCc0ZUqsS7enyN+g=",
        "owner": "tek",
        "repo": "thax",
        "rev": "10fa7482d171739414fc0d829005b4055799e4c6",
        "type": "github"
      },
      "original": {
        "owner": "tek",
        "repo": "thax",
        "type": "github"
      }
    },
    "thax_9": {
      "locked": {
        "lastModified": 1691091387,
        "narHash": "sha256-i1dc/XqsIQizZ09o2ltX10zhV/3LCc0ZUqsS7enyN+g=",
        "owner": "tek",
        "repo": "thax",
        "rev": "10fa7482d171739414fc0d829005b4055799e4c6",
        "type": "github"
      },
      "original": {
        "owner": "tek",
        "repo": "thax",
        "type": "github"
      }
    }
  },
  "root": "root",
  "version": 7
}
