{
  "nodes": {
    "chiasma": {
      "inputs": {
        "hix": "hix",
        "prelate": "prelate"
      },
      "locked": {
        "lastModified": 1690041519,
        "narHash": "sha256-vk+BuC9oFCPtBPtNZ+8lzc0iH57phQmYUPrrT0kn44E=",
        "ref": "refs/heads/main",
        "rev": "93cabd00b9edf66fae9f50938cabe12826f1dcd7",
        "revCount": 174,
        "type": "git",
        "url": "https://git.tryp.io/tek/chiasma"
      },
      "original": {
        "type": "git",
        "url": "https://git.tryp.io/tek/chiasma"
      }
    },
    "exon": {
      "inputs": {
        "hix": "hix_2"
      },
      "locked": {
        "lastModified": 1689788620,
        "narHash": "sha256-wGVzeey6pXaNCnFh3ZiD001tmM4/V47TnzD/Ohy85vU=",
        "ref": "refs/heads/main",
        "rev": "bae526be6d6fb981b21db8028fa24f4b5bbf4b3e",
        "revCount": 59,
        "type": "git",
        "url": "https://git.tryp.io/tek/exon"
      },
      "original": {
        "type": "git",
        "url": "https://git.tryp.io/tek/exon"
      }
    },
    "hix": {
      "inputs": {
        "nixpkgs": "nixpkgs",
        "thax": "thax"
      },
      "locked": {
        "lastModified": 1689793757,
        "narHash": "sha256-KZHN47BszAQ9rsu/v8aRSvF9nyKsOgCk2FLq+p1+4cY=",
        "ref": "refs/heads/main",
        "rev": "cf7df6dc518567f0e70959a6f70259b89dae867d",
        "revCount": 487,
        "type": "git",
        "url": "https://git.tryp.io/tek/hix"
      },
      "original": {
        "type": "git",
        "url": "https://git.tryp.io/tek/hix"
      }
    },
    "hix_10": {
      "inputs": {
        "nixpkgs": "nixpkgs_10",
        "thax": "thax_10"
      },
      "locked": {
        "lastModified": 1690681552,
        "narHash": "sha256-1Re07QR0nqWq+SHUrIogJQyaDp189/vWPZFXVVRV83I=",
        "ref": "refs/heads/main",
        "rev": "2ad15081b0fd9ef0fcce082b69097c5d565f1d6f",
        "revCount": 499,
        "type": "git",
        "url": "https://git.tryp.io/tek/hix"
      },
      "original": {
        "type": "git",
        "url": "https://git.tryp.io/tek/hix"
      }
    },
    "hix_2": {
      "inputs": {
        "nixpkgs": "nixpkgs_2",
        "thax": "thax_2"
      },
      "locked": {
        "lastModified": 1689722786,
        "narHash": "sha256-DP67PvK2KO0+hzkdvSOximFbcmKxlAMKO0CRm6y3gwY=",
        "ref": "refs/heads/main",
        "rev": "c8c3a4dfee19d87e446f3ce30e957cf7d8978c77",
        "revCount": 484,
        "type": "git",
        "url": "https://git.tryp.io/tek/hix"
      },
      "original": {
        "type": "git",
        "url": "https://git.tryp.io/tek/hix"
      }
    },
    "hix_3": {
      "inputs": {
        "nixpkgs": "nixpkgs_3",
        "thax": "thax_3"
      },
      "locked": {
        "lastModified": 1689722786,
        "narHash": "sha256-DP67PvK2KO0+hzkdvSOximFbcmKxlAMKO0CRm6y3gwY=",
        "ref": "refs/heads/main",
        "rev": "c8c3a4dfee19d87e446f3ce30e957cf7d8978c77",
        "revCount": 484,
        "type": "git",
        "url": "https://git.tryp.io/tek/hix"
      },
      "original": {
        "type": "git",
        "url": "https://git.tryp.io/tek/hix"
      }
    },
    "hix_4": {
      "inputs": {
        "nixpkgs": "nixpkgs_4",
        "thax": "thax_4"
      },
      "locked": {
        "lastModified": 1689722786,
        "narHash": "sha256-DP67PvK2KO0+hzkdvSOximFbcmKxlAMKO0CRm6y3gwY=",
        "ref": "refs/heads/main",
        "rev": "c8c3a4dfee19d87e446f3ce30e957cf7d8978c77",
        "revCount": 484,
        "type": "git",
        "url": "https://git.tryp.io/tek/hix"
      },
      "original": {
        "type": "git",
        "url": "https://git.tryp.io/tek/hix"
      }
    },
    "hix_5": {
      "inputs": {
        "nixpkgs": "nixpkgs_5",
        "thax": "thax_5"
      },
      "locked": {
        "lastModified": 1689722786,
        "narHash": "sha256-DP67PvK2KO0+hzkdvSOximFbcmKxlAMKO0CRm6y3gwY=",
        "ref": "refs/heads/main",
        "rev": "c8c3a4dfee19d87e446f3ce30e957cf7d8978c77",
        "revCount": 484,
        "type": "git",
        "url": "https://git.tryp.io/tek/hix"
      },
      "original": {
        "type": "git",
        "url": "https://git.tryp.io/tek/hix"
      }
    },
    "hix_6": {
      "inputs": {
        "nixpkgs": "nixpkgs_6",
        "thax": "thax_6"
      },
      "locked": {
        "lastModified": 1689722786,
        "narHash": "sha256-DP67PvK2KO0+hzkdvSOximFbcmKxlAMKO0CRm6y3gwY=",
        "ref": "refs/heads/main",
        "rev": "c8c3a4dfee19d87e446f3ce30e957cf7d8978c77",
        "revCount": 484,
        "type": "git",
        "url": "https://git.tryp.io/tek/hix"
      },
      "original": {
        "type": "git",
        "url": "https://git.tryp.io/tek/hix"
      }
    },
    "hix_7": {
      "inputs": {
        "nixpkgs": "nixpkgs_7",
        "thax": "thax_7"
      },
      "locked": {
        "lastModified": 1689722786,
        "narHash": "sha256-DP67PvK2KO0+hzkdvSOximFbcmKxlAMKO0CRm6y3gwY=",
        "ref": "refs/heads/main",
        "rev": "c8c3a4dfee19d87e446f3ce30e957cf7d8978c77",
        "revCount": 484,
        "type": "git",
        "url": "https://git.tryp.io/tek/hix"
      },
      "original": {
        "type": "git",
        "url": "https://git.tryp.io/tek/hix"
      }
    },
    "hix_8": {
      "inputs": {
        "nixpkgs": "nixpkgs_8",
        "thax": "thax_8"
      },
      "locked": {
        "lastModified": 1689722786,
        "narHash": "sha256-DP67PvK2KO0+hzkdvSOximFbcmKxlAMKO0CRm6y3gwY=",
        "ref": "refs/heads/main",
        "rev": "c8c3a4dfee19d87e446f3ce30e957cf7d8978c77",
        "revCount": 484,
        "type": "git",
        "url": "https://git.tryp.io/tek/hix"
      },
      "original": {
        "type": "git",
        "url": "https://git.tryp.io/tek/hix"
      }
    },
    "hix_9": {
      "inputs": {
        "nixpkgs": "nixpkgs_9",
        "thax": "thax_9"
      },
      "locked": {
        "lastModified": 1689722786,
        "narHash": "sha256-DP67PvK2KO0+hzkdvSOximFbcmKxlAMKO0CRm6y3gwY=",
        "ref": "refs/heads/main",
        "rev": "c8c3a4dfee19d87e446f3ce30e957cf7d8978c77",
        "revCount": 484,
        "type": "git",
        "url": "https://git.tryp.io/tek/hix"
      },
      "original": {
        "type": "git",
        "url": "https://git.tryp.io/tek/hix"
      }
    },
    "incipit": {
      "inputs": {
        "hix": "hix_4",
        "polysemy-conc": "polysemy-conc",
        "polysemy-log": "polysemy-log"
      },
      "locked": {
        "lastModified": 1689788713,
        "narHash": "sha256-VipuSX98wJQXSNpbXsGnW7QaAo6WaPnoCK8l+suZu5k=",
        "ref": "refs/heads/main",
        "rev": "0c6989f268e2d63ef98ddadf1e69ce4f560a130c",
        "revCount": 64,
        "type": "git",
        "url": "https://git.tryp.io/tek/incipit"
      },
      "original": {
        "type": "git",
        "url": "https://git.tryp.io/tek/incipit"
      }
    },
    "nixpkgs": {
      "locked": {
        "lastModified": 1686582075,
        "narHash": "sha256-vtflsfKkHtF8IduxDNtbme4cojiqvlvjp5QNYhvoHXc=",
        "owner": "nixos",
        "repo": "nixpkgs",
        "rev": "7e63eed145566cca98158613f3700515b4009ce3",
        "type": "github"
      },
      "original": {
        "owner": "nixos",
        "repo": "nixpkgs",
        "rev": "7e63eed145566cca98158613f3700515b4009ce3",
        "type": "github"
      }
    },
    "nixpkgs_10": {
      "locked": {
        "lastModified": 1686582075,
        "narHash": "sha256-vtflsfKkHtF8IduxDNtbme4cojiqvlvjp5QNYhvoHXc=",
        "owner": "nixos",
        "repo": "nixpkgs",
        "rev": "7e63eed145566cca98158613f3700515b4009ce3",
        "type": "github"
      },
      "original": {
        "owner": "nixos",
        "repo": "nixpkgs",
        "rev": "7e63eed145566cca98158613f3700515b4009ce3",
        "type": "github"
      }
    },
    "nixpkgs_2": {
      "locked": {
        "lastModified": 1686582075,
        "narHash": "sha256-vtflsfKkHtF8IduxDNtbme4cojiqvlvjp5QNYhvoHXc=",
        "owner": "nixos",
        "repo": "nixpkgs",
        "rev": "7e63eed145566cca98158613f3700515b4009ce3",
        "type": "github"
      },
      "original": {
        "owner": "nixos",
        "repo": "nixpkgs",
        "rev": "7e63eed145566cca98158613f3700515b4009ce3",
        "type": "github"
      }
    },
    "nixpkgs_3": {
      "locked": {
        "lastModified": 1686582075,
        "narHash": "sha256-vtflsfKkHtF8IduxDNtbme4cojiqvlvjp5QNYhvoHXc=",
        "owner": "nixos",
        "repo": "nixpkgs",
        "rev": "7e63eed145566cca98158613f3700515b4009ce3",
        "type": "github"
      },
      "original": {
        "owner": "nixos",
        "repo": "nixpkgs",
        "rev": "7e63eed145566cca98158613f3700515b4009ce3",
        "type": "github"
      }
    },
    "nixpkgs_4": {
      "locked": {
        "lastModified": 1686582075,
        "narHash": "sha256-vtflsfKkHtF8IduxDNtbme4cojiqvlvjp5QNYhvoHXc=",
        "owner": "nixos",
        "repo": "nixpkgs",
        "rev": "7e63eed145566cca98158613f3700515b4009ce3",
        "type": "github"
      },
      "original": {
        "owner": "nixos",
        "repo": "nixpkgs",
        "rev": "7e63eed145566cca98158613f3700515b4009ce3",
        "type": "github"
      }
    },
    "nixpkgs_5": {
      "locked": {
        "lastModified": 1686582075,
        "narHash": "sha256-vtflsfKkHtF8IduxDNtbme4cojiqvlvjp5QNYhvoHXc=",
        "owner": "nixos",
        "repo": "nixpkgs",
        "rev": "7e63eed145566cca98158613f3700515b4009ce3",
        "type": "github"
      },
      "original": {
        "owner": "nixos",
        "repo": "nixpkgs",
        "rev": "7e63eed145566cca98158613f3700515b4009ce3",
        "type": "github"
      }
    },
    "nixpkgs_6": {
      "locked": {
        "lastModified": 1686582075,
        "narHash": "sha256-vtflsfKkHtF8IduxDNtbme4cojiqvlvjp5QNYhvoHXc=",
        "owner": "nixos",
        "repo": "nixpkgs",
        "rev": "7e63eed145566cca98158613f3700515b4009ce3",
        "type": "github"
      },
      "original": {
        "owner": "nixos",
        "repo": "nixpkgs",
        "rev": "7e63eed145566cca98158613f3700515b4009ce3",
        "type": "github"
      }
    },
    "nixpkgs_7": {
      "locked": {
        "lastModified": 1686582075,
        "narHash": "sha256-vtflsfKkHtF8IduxDNtbme4cojiqvlvjp5QNYhvoHXc=",
        "owner": "nixos",
        "repo": "nixpkgs",
        "rev": "7e63eed145566cca98158613f3700515b4009ce3",
        "type": "github"
      },
      "original": {
        "owner": "nixos",
        "repo": "nixpkgs",
        "rev": "7e63eed145566cca98158613f3700515b4009ce3",
        "type": "github"
      }
    },
    "nixpkgs_8": {
      "locked": {
        "lastModified": 1686582075,
        "narHash": "sha256-vtflsfKkHtF8IduxDNtbme4cojiqvlvjp5QNYhvoHXc=",
        "owner": "nixos",
        "repo": "nixpkgs",
        "rev": "7e63eed145566cca98158613f3700515b4009ce3",
        "type": "github"
      },
      "original": {
        "owner": "nixos",
        "repo": "nixpkgs",
        "rev": "7e63eed145566cca98158613f3700515b4009ce3",
        "type": "github"
      }
    },
    "nixpkgs_9": {
      "locked": {
        "lastModified": 1686582075,
        "narHash": "sha256-vtflsfKkHtF8IduxDNtbme4cojiqvlvjp5QNYhvoHXc=",
        "owner": "nixos",
        "repo": "nixpkgs",
        "rev": "7e63eed145566cca98158613f3700515b4009ce3",
        "type": "github"
      },
      "original": {
        "owner": "nixos",
        "repo": "nixpkgs",
        "rev": "7e63eed145566cca98158613f3700515b4009ce3",
        "type": "github"
      }
    },
    "polysemy-conc": {
      "inputs": {
        "hix": "hix_5",
        "polysemy-time": "polysemy-time"
      },
      "locked": {
        "lastModified": 1689788677,
        "narHash": "sha256-1NRIFIJrZD5FhuH95INDfPqNaJNx6L6GDOcjz4byuug=",
        "ref": "refs/heads/main",
        "rev": "cc1e1bc5ce980cba9b3f15896987578a1be05179",
        "revCount": 245,
        "type": "git",
        "url": "https://git.tryp.io/tek/polysemy-conc"
      },
      "original": {
        "type": "git",
        "url": "https://git.tryp.io/tek/polysemy-conc"
      }
    },
    "polysemy-conc_2": {
      "inputs": {
        "hix": "hix_8",
        "polysemy-time": "polysemy-time_2"
      },
      "locked": {
        "lastModified": 1689788677,
        "narHash": "sha256-1NRIFIJrZD5FhuH95INDfPqNaJNx6L6GDOcjz4byuug=",
        "ref": "refs/heads/main",
        "rev": "cc1e1bc5ce980cba9b3f15896987578a1be05179",
        "revCount": 245,
        "type": "git",
        "url": "https://git.tryp.io/tek/polysemy-conc"
      },
      "original": {
        "type": "git",
        "url": "https://git.tryp.io/tek/polysemy-conc"
      }
    },
    "polysemy-log": {
      "inputs": {
        "hix": "hix_7",
        "polysemy-conc": "polysemy-conc_2"
      },
      "locked": {
        "lastModified": 1689788691,
        "narHash": "sha256-NChEeYDyfmJm8VbWWvtwI38jjslqUmwtc/RQHegdi7w=",
        "ref": "refs/heads/main",
        "rev": "a493cafb2c7fea6340a7d9b35347941e01387bb4",
        "revCount": 96,
        "type": "git",
        "url": "https://git.tryp.io/tek/polysemy-log"
      },
      "original": {
        "type": "git",
        "url": "https://git.tryp.io/tek/polysemy-log"
      }
    },
    "polysemy-time": {
      "inputs": {
        "hix": "hix_6"
      },
      "locked": {
        "lastModified": 1689788664,
        "narHash": "sha256-igFyIKTP5KIwP251sGjZ50xQf96fvNNvm0pKaR0UKVE=",
        "ref": "refs/heads/main",
        "rev": "bbd91aebd522977965bf4b5f06107000d269aa3e",
        "revCount": 98,
        "type": "git",
        "url": "https://git.tryp.io/tek/polysemy-time"
      },
      "original": {
        "type": "git",
        "url": "https://git.tryp.io/tek/polysemy-time"
      }
    },
    "polysemy-time_2": {
      "inputs": {
        "hix": "hix_9"
      },
      "locked": {
        "lastModified": 1689788664,
        "narHash": "sha256-igFyIKTP5KIwP251sGjZ50xQf96fvNNvm0pKaR0UKVE=",
        "ref": "refs/heads/main",
        "rev": "bbd91aebd522977965bf4b5f06107000d269aa3e",
        "revCount": 98,
        "type": "git",
        "url": "https://git.tryp.io/tek/polysemy-time"
      },
      "original": {
        "type": "git",
        "url": "https://git.tryp.io/tek/polysemy-time"
      }
    },
    "prelate": {
      "inputs": {
        "exon": "exon",
        "hix": "hix_3",
        "incipit": "incipit"
      },
      "locked": {
        "lastModified": 1689788726,
        "narHash": "sha256-6K3POCrxVh00xZTcEZIzvzXyNj7B0EuD2U70NKVFvwc=",
        "ref": "refs/heads/main",
        "rev": "2b13ca7078c9902c0c23706e40c1add17f5bf4f7",
        "revCount": 39,
        "type": "git",
        "url": "https://git.tryp.io/tek/prelate"
      },
      "original": {
        "type": "git",
        "url": "https://git.tryp.io/tek/prelate"
      }
    },
    "root": {
      "inputs": {
        "chiasma": "chiasma",
        "hix": "hix_10"
      }
    },
    "thax": {
      "locked": {
        "lastModified": 1677960812,
        "narHash": "sha256-FYkZZVTMBo0dtqPr73tadUz+69jgQBo2S4qKOxTGWZ4=",
        "owner": "tek",
        "repo": "thax",
        "rev": "4b4f68d0232e1f707d97bbcaab0d5534b97ba94f",
        "type": "github"
      },
      "original": {
        "owner": "tek",
        "repo": "thax",
        "type": "github"
      }
    },
    "thax_10": {
      "locked": {
        "lastModified": 1677960812,
        "narHash": "sha256-FYkZZVTMBo0dtqPr73tadUz+69jgQBo2S4qKOxTGWZ4=",
        "owner": "tek",
        "repo": "thax",
        "rev": "4b4f68d0232e1f707d97bbcaab0d5534b97ba94f",
        "type": "github"
      },
      "original": {
        "owner": "tek",
        "repo": "thax",
        "type": "github"
      }
    },
    "thax_2": {
      "locked": {
        "lastModified": 1677960812,
        "narHash": "sha256-FYkZZVTMBo0dtqPr73tadUz+69jgQBo2S4qKOxTGWZ4=",
        "owner": "tek",
        "repo": "thax",
        "rev": "4b4f68d0232e1f707d97bbcaab0d5534b97ba94f",
        "type": "github"
      },
      "original": {
        "owner": "tek",
        "repo": "thax",
        "type": "github"
      }
    },
    "thax_3": {
      "locked": {
        "lastModified": 1677960812,
        "narHash": "sha256-FYkZZVTMBo0dtqPr73tadUz+69jgQBo2S4qKOxTGWZ4=",
        "owner": "tek",
        "repo": "thax",
        "rev": "4b4f68d0232e1f707d97bbcaab0d5534b97ba94f",
        "type": "github"
      },
      "original": {
        "owner": "tek",
        "repo": "thax",
        "type": "github"
      }
    },
    "thax_4": {
      "locked": {
        "lastModified": 1677960812,
        "narHash": "sha256-FYkZZVTMBo0dtqPr73tadUz+69jgQBo2S4qKOxTGWZ4=",
        "owner": "tek",
        "repo": "thax",
        "rev": "4b4f68d0232e1f707d97bbcaab0d5534b97ba94f",
        "type": "github"
      },
      "original": {
        "owner": "tek",
        "repo": "thax",
        "type": "github"
      }
    },
    "thax_5": {
      "locked": {
        "lastModified": 1677960812,
        "narHash": "sha256-FYkZZVTMBo0dtqPr73tadUz+69jgQBo2S4qKOxTGWZ4=",
        "owner": "tek",
        "repo": "thax",
        "rev": "4b4f68d0232e1f707d97bbcaab0d5534b97ba94f",
        "type": "github"
      },
      "original": {
        "owner": "tek",
        "repo": "thax",
        "type": "github"
      }
    },
    "thax_6": {
      "locked": {
        "lastModified": 1677960812,
        "narHash": "sha256-FYkZZVTMBo0dtqPr73tadUz+69jgQBo2S4qKOxTGWZ4=",
        "owner": "tek",
        "repo": "thax",
        "rev": "4b4f68d0232e1f707d97bbcaab0d5534b97ba94f",
        "type": "github"
      },
      "original": {
        "owner": "tek",
        "repo": "thax",
        "type": "github"
      }
    },
    "thax_7": {
      "locked": {
        "lastModified": 1677960812,
        "narHash": "sha256-FYkZZVTMBo0dtqPr73tadUz+69jgQBo2S4qKOxTGWZ4=",
        "owner": "tek",
        "repo": "thax",
        "rev": "4b4f68d0232e1f707d97bbcaab0d5534b97ba94f",
        "type": "github"
      },
      "original": {
        "owner": "tek",
        "repo": "thax",
        "type": "github"
      }
    },
    "thax_8": {
      "locked": {
        "lastModified": 1677960812,
        "narHash": "sha256-FYkZZVTMBo0dtqPr73tadUz+69jgQBo2S4qKOxTGWZ4=",
        "owner": "tek",
        "repo": "thax",
        "rev": "4b4f68d0232e1f707d97bbcaab0d5534b97ba94f",
        "type": "github"
      },
      "original": {
        "owner": "tek",
        "repo": "thax",
        "type": "github"
      }
    },
    "thax_9": {
      "locked": {
        "lastModified": 1677960812,
        "narHash": "sha256-FYkZZVTMBo0dtqPr73tadUz+69jgQBo2S4qKOxTGWZ4=",
        "owner": "tek",
        "repo": "thax",
        "rev": "4b4f68d0232e1f707d97bbcaab0d5534b97ba94f",
        "type": "github"
      },
      "original": {
        "owner": "tek",
        "repo": "thax",
        "type": "github"
      }
    }
  },
  "root": "root",
  "version": 7
}
