# This file was autogenerated by Stack.
# You should not edit this file by hand.
# For more information, please see the documentation at:
#   https://docs.haskellstack.org/en/stable/lock_files

packages:
- completed:
    hackage: base-noprelude-4.12.0.0@sha256:dcd5ece10257f79fa16e207d558b31ab3467b205adae5d1976abdee28b1c8b4a,6845
    pantry-tree:
      size: 158
      sha256: 1e4118716a2078385341d7df2f876b616744c3a8f945247766e60f48e32b3d1d
  original:
    hackage: base-noprelude-4.12.0.0
- completed:
    hackage: pretty-terminal-0.1.0.0@sha256:e9135d86ebb2a8e3aaf5a79088de4628dbd49988388e0fbfc26c5ecb3c399ad9,1638
    pantry-tree:
      size: 385
      sha256: fecec01e618890c284e57cb873b8f9531f479562b7cf08497aef097da3ef90ec
  original:
    hackage: pretty-terminal-0.1.0.0
- completed:
    hackage: posix-pty-0.2.1.1@sha256:f1e54f10c49d9f27dba33539391659d2daa4874badc1554ffc6c25b329ef1db6,2161
    pantry-tree:
      size: 512
      sha256: d8901f7c8c42c767092262da42e1ff1911151310f4cd87f1ee278d168121ecee
  original:
    hackage: posix-pty-0.2.1.1
- completed:
    hackage: fuzzy-0.1.0.0@sha256:123b9581c587ae5422b67bbad7e81186b1ecbf86941a8049f921ddf136f2234e,833
    pantry-tree:
      size: 261
      sha256: 97019c97e95f2a91089acec705243e1fa5b8529ae112658757e0ab3574905f3c
  original:
    hackage: fuzzy-0.1.0.0
- completed:
    hackage: messagepack-0.5.4@sha256:49d43a3540bffe0a0e8dc4a335f97046b01de7613cdca8b4c7dc40a330043da5,1961
    pantry-tree:
      size: 431
      sha256: 50860c4325959f45f152c1556baf5306cd83f7cce817f25bcf825a0186a41624
  original:
    hackage: messagepack-0.5.4
- completed:
    size: 69324
    url: https://github.com/neovimhaskell/nvim-hs/archive/8b1a38c18f530f65a17a7fda2a14c168a2663821.tar.gz
    cabal-file:
      size: 7516
      sha256: 6e2272d6cc39ae36418896b689e21d2cd88fb4f46ae9d86d9569015ad37ac45a
    name: nvim-hs
    version: 2.1.0.3
    sha256: a4e81d51b2cdb45d8f086368ab07a539aecc733998c86c4b1a19654343cae263
    pantry-tree:
      size: 3828
      sha256: 6a75bf4c4f23115916d8c7721dbd3ea1729099d6a285cced5a4660f01aa7a9a4
  original:
    url: https://github.com/neovimhaskell/nvim-hs/archive/8b1a38c18f530f65a17a7fda2a14c168a2663821.tar.gz
- completed:
    size: 7023
    url: https://github.com/tek/cornea/archive/43c649fa064fd5c90047a76829f353c51b3cde0a.tar.gz
    cabal-file:
      size: 3070
      sha256: 8a81897221709fb89b00efb28caf1846b37afa43dc5da0858fa46d560a521361
    name: cornea
    version: 0.2.2.0
    sha256: f0a56ef3fe63231757db4e7a12c1c902e8f0948d78aa2356c1d72337673ac9fe
    pantry-tree:
      size: 869
      sha256: eb978987c49e9d1dc94ac125280e2e94882c8e2f95b49fd7d8c36f0fcf56fb38
  original:
    url: https://github.com/tek/cornea/archive/43c649fa064fd5c90047a76829f353c51b3cde0a.tar.gz
- completed:
    size: 33101
    url: https://github.com/tek/chiasma/archive/25578d92b19beba962f8e163805a42da94715a8e.tar.gz
    cabal-file:
      size: 5755
      sha256: d8b2ccb3392ec124156301ce7a1acc84e5f3e0f085201af1b388a0c474707a1b
    name: chiasma
    version: 0.1.0.0
    sha256: c239bc2ee2ee952dea5e6ecf859151d2c00bb0b72f034f7bfd07e62acfb1dad0
    pantry-tree:
      size: 5451
      sha256: 2e4207523a35c46047d80ebb91911d8741b347480d6a1746c2fece63553088f6
  original:
    url: https://github.com/tek/chiasma/archive/25578d92b19beba962f8e163805a42da94715a8e.tar.gz
snapshots:
- completed:
    size: 500539
    url: https://raw.githubusercontent.com/commercialhaskell/stackage-snapshots/master/lts/13/27.yaml
    sha256: 690db832392afe55733b4c7023fd29b1b1c660ee42f1fb505b86b07394ca994e
  original: lts-13.27
